
Microsoft Visual Studio Solution File, Format Version 12.00
# Visual Studio Version 17
VisualStudioVersion = 17.7.34003.232
MinimumVisualStudioVersion = 10.0.40219.1
Project("{9A19103F-16F7-4668-BE54-9A1E7A4F7556}") = "Program", "Program.csproj", "{D27FFBA4-536C-4A73-8071-6F76D4F00547}"
EndProject
Project("{9A19103F-16F7-4668-BE54-9A1E7A4F7556}") = "Class1th (Variable)", "..\Class1th (Variable)\Class1th (Variable).csproj", "{D2324E16-3CFB-4526-8BBC-FB93D0470572}"
EndProject
Project("{9A19103F-16F7-4668-BE54-9A1E7A4F7556}") = "Class2th (Bit)", "..\Class2th (Bit)\Class2th (Bit).csproj", "{51A30A04-9D6A-4DAB-97F8-7E992A08761D}"
EndProject
Project("{9A19103F-16F7-4668-BE54-9A1E7A4F7556}") = "Class3th (Conditional Statement)", "..\Class3th (Conditional Statement)\Class3th (Conditional Statement).csproj", "{64680C76-5E65-48E3-8891-71E92EA22525}"
EndProject
Project("{9A19103F-16F7-4668-BE54-9A1E7A4F7556}") = "Class4th (Iteration Statement)", "..\Class4th (Iteration Statement)\Class4th (Iteration Statement).csproj", "{BD517994-9CB0-488C-B769-053EB24E4EAF}"
EndProject
Project("{9A19103F-16F7-4668-BE54-9A1E7A4F7556}") = "Class5th (Arrangement)", "..\Class5th (Arrangement)\Class5th (Arrangement).csproj", "{B6DFB272-DA0E-4BA0-88AF-08E1003A9265}"
EndProject
Project("{9A19103F-16F7-4668-BE54-9A1E7A4F7556}") = "Class6th (Function)", "..\Class6th (Function)\Class6th (Function).csproj", "{8495A741-A2F4-4CAB-B7BD-6968C9274A45}"
EndProject
Project("{9A19103F-16F7-4668-BE54-9A1E7A4F7556}") = "Class7th (Class)", "..\Class7th (Class)\Class7th (Class).csproj", "{2FB2CF6A-1376-4472-AD81-C3940DE90B62}"
EndProject
Project("{9A19103F-16F7-4668-BE54-9A1E7A4F7556}") = "Class8th (Polymorphism)", "..\Class8th (Polymorphism)\Class8th (Polymorphism).csproj", "{A6A2BC1C-7D90-4C7C-B3E3-A84D6DB6DBF4}"
EndProject
Project("{9A19103F-16F7-4668-BE54-9A1E7A4F7556}") = "Class9th (Random)", "..\Class9th (Random)\Class9th (Random).csproj", "{6A5E2FB5-E890-4E1E-854B-466FDBD14043}"
EndProject
Project("{FAE04EC0-301F-11D3-BF4B-00C04F79EFBC}") = "Class10th (Collection)", "..\Class10th (Collection)\Class10th (Collection).csproj", "{EE05CCC0-B8DA-4A4F-8D58-15AFB9B3F9FF}"
EndProject
Global
	GlobalSection(SolutionConfigurationPlatforms) = preSolution
		Debug|Any CPU = Debug|Any CPU
		Release|Any CPU = Release|Any CPU
	EndGlobalSection
	GlobalSection(ProjectConfigurationPlatforms) = postSolution
		{D27FFBA4-536C-4A73-8071-6F76D4F00547}.Debug|Any CPU.ActiveCfg = Debug|Any CPU
		{D27FFBA4-536C-4A73-8071-6F76D4F00547}.Debug|Any CPU.Build.0 = Debug|Any CPU
		{D27FFBA4-536C-4A73-8071-6F76D4F00547}.Release|Any CPU.ActiveCfg = Release|Any CPU
		{D27FFBA4-536C-4A73-8071-6F76D4F00547}.Release|Any CPU.Build.0 = Release|Any CPU
		{D2324E16-3CFB-4526-8BBC-FB93D0470572}.Debug|Any CPU.ActiveCfg = Debug|Any CPU
		{D2324E16-3CFB-4526-8BBC-FB93D0470572}.Debug|Any CPU.Build.0 = Debug|Any CPU
		{D2324E16-3CFB-4526-8BBC-FB93D0470572}.Release|Any CPU.ActiveCfg = Release|Any CPU
		{D2324E16-3CFB-4526-8BBC-FB93D0470572}.Release|Any CPU.Build.0 = Release|Any CPU
		{51A30A04-9D6A-4DAB-97F8-7E992A08761D}.Debug|Any CPU.ActiveCfg = Debug|Any CPU
		{51A30A04-9D6A-4DAB-97F8-7E992A08761D}.Debug|Any CPU.Build.0 = Debug|Any CPU
		{51A30A04-9D6A-4DAB-97F8-7E992A08761D}.Release|Any CPU.ActiveCfg = Release|Any CPU
		{51A30A04-9D6A-4DAB-97F8-7E992A08761D}.Release|Any CPU.Build.0 = Release|Any CPU
		{64680C76-5E65-48E3-8891-71E92EA22525}.Debug|Any CPU.ActiveCfg = Debug|Any CPU
		{64680C76-5E65-48E3-8891-71E92EA22525}.Debug|Any CPU.Build.0 = Debug|Any CPU
		{64680C76-5E65-48E3-8891-71E92EA22525}.Release|Any CPU.ActiveCfg = Release|Any CPU
		{64680C76-5E65-48E3-8891-71E92EA22525}.Release|Any CPU.Build.0 = Release|Any CPU
		{BD517994-9CB0-488C-B769-053EB24E4EAF}.Debug|Any CPU.ActiveCfg = Debug|Any CPU
		{BD517994-9CB0-488C-B769-053EB24E4EAF}.Debug|Any CPU.Build.0 = Debug|Any CPU
		{BD517994-9CB0-488C-B769-053EB24E4EAF}.Release|Any CPU.ActiveCfg = Release|Any CPU
		{BD517994-9CB0-488C-B769-053EB24E4EAF}.Release|Any CPU.Build.0 = Release|Any CPU
		{B6DFB272-DA0E-4BA0-88AF-08E1003A9265}.Debug|Any CPU.ActiveCfg = Debug|Any CPU
		{B6DFB272-DA0E-4BA0-88AF-08E1003A9265}.Debug|Any CPU.Build.0 = Debug|Any CPU
		{B6DFB272-DA0E-4BA0-88AF-08E1003A9265}.Release|Any CPU.ActiveCfg = Release|Any CPU
		{B6DFB272-DA0E-4BA0-88AF-08E1003A9265}.Release|Any CPU.Build.0 = Release|Any CPU
		{8495A741-A2F4-4CAB-B7BD-6968C9274A45}.Debug|Any CPU.ActiveCfg = Debug|Any CPU
		{8495A741-A2F4-4CAB-B7BD-6968C9274A45}.Debug|Any CPU.Build.0 = Debug|Any CPU
		{8495A741-A2F4-4CAB-B7BD-6968C9274A45}.Release|Any CPU.ActiveCfg = Release|Any CPU
		{8495A741-A2F4-4CAB-B7BD-6968C9274A45}.Release|Any CPU.Build.0 = Release|Any CPU
		{2FB2CF6A-1376-4472-AD81-C3940DE90B62}.Debug|Any CPU.ActiveCfg = Debug|Any CPU
		{2FB2CF6A-1376-4472-AD81-C3940DE90B62}.Debug|Any CPU.Build.0 = Debug|Any CPU
		{2FB2CF6A-1376-4472-AD81-C3940DE90B62}.Release|Any CPU.ActiveCfg = Release|Any CPU
		{2FB2CF6A-1376-4472-AD81-C3940DE90B62}.Release|Any CPU.Build.0 = Release|Any CPU
		{A6A2BC1C-7D90-4C7C-B3E3-A84D6DB6DBF4}.Debug|Any CPU.ActiveCfg = Debug|Any CPU
		{A6A2BC1C-7D90-4C7C-B3E3-A84D6DB6DBF4}.Debug|Any CPU.Build.0 = Debug|Any CPU
		{A6A2BC1C-7D90-4C7C-B3E3-A84D6DB6DBF4}.Release|Any CPU.ActiveCfg = Release|Any CPU
		{A6A2BC1C-7D90-4C7C-B3E3-A84D6DB6DBF4}.Release|Any CPU.Build.0 = Release|Any CPU
		{6A5E2FB5-E890-4E1E-854B-466FDBD14043}.Debug|Any CPU.ActiveCfg = Debug|Any CPU
		{6A5E2FB5-E890-4E1E-854B-466FDBD14043}.Debug|Any CPU.Build.0 = Debug|Any CPU
		{6A5E2FB5-E890-4E1E-854B-466FDBD14043}.Release|Any CPU.ActiveCfg = Release|Any CPU
		{6A5E2FB5-E890-4E1E-854B-466FDBD14043}.Release|Any CPU.Build.0 = Release|Any CPU
		{EE05CCC0-B8DA-4A4F-8D58-15AFB9B3F9FF}.Debug|Any CPU.ActiveCfg = Debug|Any CPU
		{EE05CCC0-B8DA-4A4F-8D58-15AFB9B3F9FF}.Debug|Any CPU.Build.0 = Debug|Any CPU
		{EE05CCC0-B8DA-4A4F-8D58-15AFB9B3F9FF}.Release|Any CPU.ActiveCfg = Release|Any CPU
		{EE05CCC0-B8DA-4A4F-8D58-15AFB9B3F9FF}.Release|Any CPU.Build.0 = Release|Any CPU
	EndGlobalSection
	GlobalSection(SolutionProperties) = preSolution
		HideSolutionNode = FALSE
	EndGlobalSection
	GlobalSection(ExtensibilityGlobals) = postSolution
		SolutionGuid = {0829E2E9-08C9-4676-8DE7-B384CC78DB1A}
	EndGlobalSection
EndGlobal
